
Microsoft Visual Studio Solution File, Format Version 12.00
# Visual Studio 15
VisualStudioVersion = 15.0.28307.902
MinimumVisualStudioVersion = 10.0.40219.1
Project("{00D1A9C2-B5F0-4AF3-8072-F6C62B433612}") = "SQLProjectForAzurePipelines", "SQLProjectForAzurePipelines\SQLProjectForAzurePipelines.sqlproj", "{EADD0181-5029-495A-A805-EF25B91F52CF}"
EndProject
Global
	GlobalSection(SolutionConfigurationPlatforms) = preSolution
		Debug|Any CPU = Debug|Any CPU
		Release|Any CPU = Release|Any CPU
	EndGlobalSection
	GlobalSection(ProjectConfigurationPlatforms) = postSolution
		{EADD0181-5029-495A-A805-EF25B91F52CF}.Debug|Any CPU.ActiveCfg = Debug|Any CPU
		{EADD0181-5029-495A-A805-EF25B91F52CF}.Debug|Any CPU.Build.0 = Debug|Any CPU
		{EADD0181-5029-495A-A805-EF25B91F52CF}.Debug|Any CPU.Deploy.0 = Debug|Any CPU
		{EADD0181-5029-495A-A805-EF25B91F52CF}.Release|Any CPU.ActiveCfg = Release|Any CPU
		{EADD0181-5029-495A-A805-EF25B91F52CF}.Release|Any CPU.Build.0 = Release|Any CPU
		{EADD0181-5029-495A-A805-EF25B91F52CF}.Release|Any CPU.Deploy.0 = Release|Any CPU
	EndGlobalSection
	GlobalSection(SolutionProperties) = preSolution
		HideSolutionNode = FALSE
	EndGlobalSection
	GlobalSection(ExtensibilityGlobals) = postSolution
		SolutionGuid = {70B77502-CA8C-4463-87A7-F8BA36BDD70D}
	EndGlobalSection
EndGlobal
